// !$*UTF8*$!
{
	archiveVersion = 1;
	classes = {
	};
	objectVersion = 46;
	objects = {
/* Begin PBXBuildFile section */
		0207DA581B56EA530066E2B4 /* Images.xcassets in Resources */ = {isa = PBXBuildFile; fileRef = 0207DA571B56EA530066E2B4 /* Images.xcassets */; };
		1D3623260D0F684500981E51 /* AppDelegate.m in Sources */ = {isa = PBXBuildFile; fileRef = 1D3623250D0F684500981E51 /* AppDelegate.m */; };
		1D60589B0D05DD56006BFB54 /* main.m in Sources */ = {isa = PBXBuildFile; fileRef = 29B97316FDCFA39411CA2CEA /* main.m */; };
		301BF552109A68D80062928A /* libCordova.a in Frameworks */ = {isa = PBXBuildFile; fileRef = 301BF535109A57CC0062928A /* libCordova.a */; };
		302D95F114D2391D003F00A1 /* MainViewController.m in Sources */ = {isa = PBXBuildFile; fileRef = 302D95EF14D2391D003F00A1 /* MainViewController.m */; };
		302D95F214D2391D003F00A1 /* MainViewController.xib in Resources */ = {isa = PBXBuildFile; fileRef = 302D95F014D2391D003F00A1 /* MainViewController.xib */; };
		3047A5121AB8059700498E2A /* build-debug.xcconfig in Resources */ = {isa = PBXBuildFile; fileRef = 3047A50F1AB8059700498E2A /* build-debug.xcconfig */; };
		3047A5131AB8059700498E2A /* build-release.xcconfig in Resources */ = {isa = PBXBuildFile; fileRef = 3047A5101AB8059700498E2A /* build-release.xcconfig */; };
		3047A5141AB8059700498E2A /* build.xcconfig in Resources */ = {isa = PBXBuildFile; fileRef = 3047A5111AB8059700498E2A /* build.xcconfig */; };
		665D34837D91487A82A72F21 /* CDVBattery.m in Sources */ = {isa = PBXBuildFile; fileRef = A81D305123474B57A3A709BF /* CDVBattery.m */; };
		1446F276A7104879B44F9344 /* UIImage+CropScaleOrientation.m in Sources */ = {isa = PBXBuildFile; fileRef = 73D8EE4397784C62AD825374 /* UIImage+CropScaleOrientation.m */; };
		56BBF72CD91B4EFA954F27A1 /* CDVCamera.m in Sources */ = {isa = PBXBuildFile; fileRef = A7DBAAE189E041CCB5566932 /* CDVCamera.m */; };
		DC3CBAC36BE44B428C3CC8CA /* CDVJpegHeaderWriter.m in Sources */ = {isa = PBXBuildFile; fileRef = 15E1EC243E2A43ECABC92E66 /* CDVJpegHeaderWriter.m */; };
		40332B753EC44761A3D97B65 /* ImageIO.framework in Frameworks */ = {isa = PBXBuildFile; fileRef = DB892494707745A58150EFC1 /* ImageIO.framework */; settings = {ATTRIBUTES = (Weak, ); }; };
		FCBC92E0F3CC4EA4A64A7D31 /* CoreLocation.framework in Frameworks */ = {isa = PBXBuildFile; fileRef = 026720F204A24A008199206B /* CoreLocation.framework */; };
		74E48922C0F745E5AB6C3153 /* AVFoundation.framework in Frameworks */ = {isa = PBXBuildFile; fileRef = 60674DE749814FF9AC7C5DFB /* AVFoundation.framework */; };
		85421B16919C43C281FC9C3E /* CDVLogger.m in Sources */ = {isa = PBXBuildFile; fileRef = 3CD1C0137BF1405D8CAD44D3 /* CDVLogger.m */; };
		33B5F8CD939D45F19557ECE4 /* CDVContacts.m in Sources */ = {isa = PBXBuildFile; fileRef = 76E347EDCD1A4C63A8C3E814 /* CDVContacts.m */; };
		DB0735A1CCCC4E82BC82D6BB /* CDVContact.m in Sources */ = {isa = PBXBuildFile; fileRef = 9DA8F7BFFAF442AD8C59237A /* CDVContact.m */; };
		815F309472A545459685332F /* AddressBook.framework in Frameworks */ = {isa = PBXBuildFile; fileRef = 503A644BCF0C4E3A82DC1E5D /* AddressBook.framework */; settings = {ATTRIBUTES = (Weak, ); }; };
		F397D735D0D8449B88638C7B /* AddressBookUI.framework in Frameworks */ = {isa = PBXBuildFile; fileRef = E18D95AA9FCC4A2A93016612 /* AddressBookUI.framework */; settings = {ATTRIBUTES = (Weak, ); }; };
		9927DD4CB9844F44A0EA5511 /* CDVDevice.m in Sources */ = {isa = PBXBuildFile; fileRef = 8E2B6F1100C9461F85301AA6 /* CDVDevice.m */; };
		8FF2F1A435C0440B95A3B951 /* CDVAccelerometer.m in Sources */ = {isa = PBXBuildFile; fileRef = E009090AF8A9470F85316220 /* CDVAccelerometer.m */; };
		DA7C656FB4904172BCE0A325 /* CoreMotion.framework in Frameworks */ = {isa = PBXBuildFile; fileRef = 33A49A1BAC424E498C73CF9B /* CoreMotion.framework */; };
		351FA75853FB4A00A1CDD0D3 /* CDVCompass.m in Sources */ = {isa = PBXBuildFile; fileRef = 1F4B43814C3D406D97ACDAFF /* CDVCompass.m */; };
		0B056E1FF2B14708927C29D9 /* CDVNotification.m in Sources */ = {isa = PBXBuildFile; fileRef = 77F22D53F7754650A3393F46 /* CDVNotification.m */; };
		27C7F58D673B45D3B3D22F74 /* CDVNotification.bundle in Resources */ = {isa = PBXBuildFile; fileRef = BE54A8713D064F86B76FFB2F /* CDVNotification.bundle */; };
		594526F1DF0B4CEB97DD265C /* AudioToolbox.framework in Frameworks */ = {isa = PBXBuildFile; fileRef = F611BAC258444D5F942396DF /* AudioToolbox.framework */; settings = {ATTRIBUTES = (Weak, ); }; };
		751C6961B4984E909CEC61A2 /* CDVFile.m in Sources */ = {isa = PBXBuildFile; fileRef = FAEEF084A7D5485BAE4ACF00 /* CDVFile.m */; };
		81EAC1709F0A4BF7996050BB /* CDVLocalFilesystem.m in Sources */ = {isa = PBXBuildFile; fileRef = 87A1B45CCA9548BCB8BBEAFC /* CDVLocalFilesystem.m */; };
		842908F4BECF4BA69072CE9A /* CDVAssetLibraryFilesystem.m in Sources */ = {isa = PBXBuildFile; fileRef = 64B2BAAC6A78489FA9873448 /* CDVAssetLibraryFilesystem.m */; };
		B18B3A965E214EE4A60DA886 /* CDVFileTransfer.m in Sources */ = {isa = PBXBuildFile; fileRef = B4CAD79F1E024E1089F89EC6 /* CDVFileTransfer.m */; };
		2CFFC1D3373D4C18A8D59421 /* CDVLocation.m in Sources */ = {isa = PBXBuildFile; fileRef = 98AE424918C949449DF696F8 /* CDVLocation.m */; };
		E1C79B9126C1417FBC16B13A /* CDVGlobalization.m in Sources */ = {isa = PBXBuildFile; fileRef = 7F91B15702344E37BC02A0DF /* CDVGlobalization.m */; };
		12044896FF43481FA0A5122E /* CDVInAppBrowser.m in Sources */ = {isa = PBXBuildFile; fileRef = 46B9F9F6557E4210A4B3990D /* CDVInAppBrowser.m */; };
		1B4FF868D68949AEAAA1C41B /* CDVSound.m in Sources */ = {isa = PBXBuildFile; fileRef = 2C238B68CB3F458EBCF37F62 /* CDVSound.m */; };
		5BA1B9A0FD8C428AA82B23E8 /* CDVCapture.m in Sources */ = {isa = PBXBuildFile; fileRef = 894A1E1E0B9A445CAE8D669B /* CDVCapture.m */; };
		6D09CC6BB3354220BCEF3E38 /* CDVCapture.bundle in Resources */ = {isa = PBXBuildFile; fileRef = 104BFB7FF49541ABABBCBFE7 /* CDVCapture.bundle */; };
		A15A26003C924D37B74DAE45 /* CDVConnection.m in Sources */ = {isa = PBXBuildFile; fileRef = 9F7E7CAA29F642E79D533DA2 /* CDVConnection.m */; };
		24BA46CB180B42C8AB3F3B35 /* CDVReachability.m in Sources */ = {isa = PBXBuildFile; fileRef = D35F46108C854508B896891F /* CDVReachability.m */; };
		D7A421D9B85E4F3094350B77 /* SystemConfiguration.framework in Frameworks */ = {isa = PBXBuildFile; fileRef = F7ACF418DEA94BD897ECE1FB /* SystemConfiguration.framework */; settings = {ATTRIBUTES = (Weak, ); }; };
		F0392B27B77E4A3AA75EAE45 /* CoreTelephony.framework in Frameworks */ = {isa = PBXBuildFile; fileRef = E6FB277BCA174B18A3A11303 /* CoreTelephony.framework */; };
		6A2BA6817F5041668B99C09C /* YoikScreenOrientation.m in Sources */ = {isa = PBXBuildFile; fileRef = 2024B74613B7432AA83727BC /* YoikScreenOrientation.m */; };
		ABAC2206BEA94A2099F9772D /* CDVViewController+UpdateSupportedOrientations.m in Sources */ = {isa = PBXBuildFile; fileRef = B8D082751FD04CD2BB2113B5 /* CDVViewController+UpdateSupportedOrientations.m */; };
		6ABAE99A3EDB43A78BD4EF5B /* CDVSplashScreen.m in Sources */ = {isa = PBXBuildFile; fileRef = 8FBD1BCB608F407AAF0EBAD9 /* CDVSplashScreen.m */; };
		148732842BA74B2AB7E65BB3 /* CDVViewController+SplashScreen.m in Sources */ = {isa = PBXBuildFile; fileRef = A89C6DA82F1647F880511489 /* CDVViewController+SplashScreen.m */; };
		F59DBCA89D574907B16F271C /* CDVStatusBar.m in Sources */ = {isa = PBXBuildFile; fileRef = E90B062B6DB047B38FF2B84C /* CDVStatusBar.m */; };
		BD72CE59F42044BF9C5570D1 /* CDVVibration.m in Sources */ = {isa = PBXBuildFile; fileRef = C0AAE46DFBF1455FBAEEFDAC /* CDVVibration.m */; };
/* End PBXBuildFile section */

/* Begin PBXContainerItemProxy section */
		301BF534109A57CC0062928A /* PBXContainerItemProxy */ = {
			isa = PBXContainerItemProxy;
			containerPortal = 301BF52D109A57CC0062928A /* CordovaLib.xcodeproj */;
			proxyType = 2;
			remoteGlobalIDString = D2AAC07E0554694100DB518D;
			remoteInfo = CordovaLib;
		};
		301BF550109A68C00062928A /* PBXContainerItemProxy */ = {
			isa = PBXContainerItemProxy;
			containerPortal = 301BF52D109A57CC0062928A /* CordovaLib.xcodeproj */;
			proxyType = 1;
			remoteGlobalIDString = D2AAC07D0554694100DB518D;
			remoteInfo = CordovaLib;
		};
/* End PBXContainerItemProxy section */

/* Begin PBXFileReference section */
		0207DA571B56EA530066E2B4 /* Images.xcassets */ = {isa = PBXFileReference; lastKnownFileType = folder.assetcatalog; name = Images.xcassets; path = "Connect Stockton Unified/Images.xcassets"; sourceTree = SOURCE_ROOT; };
		1D3623240D0F684500981E51 /* AppDelegate.h */ = {isa = PBXFileReference; fileEncoding = 4; lastKnownFileType = sourcecode.c.h; path = AppDelegate.h; sourceTree = "<group>"; };
		1D3623250D0F684500981E51 /* AppDelegate.m */ = {isa = PBXFileReference; fileEncoding = 4; lastKnownFileType = sourcecode.c.objc; path = AppDelegate.m; sourceTree = "<group>"; };
		1D6058910D05DD3D006BFB54 /* Connect Stockton Unified.app */ = {isa = PBXFileReference; explicitFileType = wrapper.application; includeInIndex = 0; path = "Connect Stockton Unified.app"; sourceTree = BUILT_PRODUCTS_DIR; };
		29B97316FDCFA39411CA2CEA /* main.m */ = {isa = PBXFileReference; fileEncoding = 4; lastKnownFileType = sourcecode.c.objc; path = main.m; sourceTree = "<group>"; };
		301BF52D109A57CC0062928A /* CordovaLib.xcodeproj */ = {isa = PBXFileReference; lastKnownFileType = "wrapper.pb-project"; name = CordovaLib.xcodeproj; path = CordovaLib/CordovaLib.xcodeproj; sourceTree = "<group>"; };
		301BF56E109A69640062928A /* www */ = {isa = PBXFileReference; lastKnownFileType = folder; path = www; sourceTree = SOURCE_ROOT; };
		302D95EE14D2391D003F00A1 /* MainViewController.h */ = {isa = PBXFileReference; fileEncoding = 4; lastKnownFileType = sourcecode.c.h; path = MainViewController.h; sourceTree = "<group>"; };
		302D95EF14D2391D003F00A1 /* MainViewController.m */ = {isa = PBXFileReference; fileEncoding = 4; lastKnownFileType = sourcecode.c.objc; path = MainViewController.m; sourceTree = "<group>"; };
		302D95F014D2391D003F00A1 /* MainViewController.xib */ = {isa = PBXFileReference; fileEncoding = 4; lastKnownFileType = file.xib; path = MainViewController.xib; sourceTree = "<group>"; };
		3047A50F1AB8059700498E2A /* build-debug.xcconfig */ = {isa = PBXFileReference; fileEncoding = 4; lastKnownFileType = text.xcconfig; name = "build-debug.xcconfig"; path = cordova/build-debug.xcconfig; sourceTree = SOURCE_ROOT; };
		3047A5101AB8059700498E2A /* build-release.xcconfig */ = {isa = PBXFileReference; fileEncoding = 4; lastKnownFileType = text.xcconfig; name = "build-release.xcconfig"; path = cordova/build-release.xcconfig; sourceTree = SOURCE_ROOT; };
		3047A5111AB8059700498E2A /* build.xcconfig */ = {isa = PBXFileReference; fileEncoding = 4; lastKnownFileType = text.xcconfig; name = build.xcconfig; path = cordova/build.xcconfig; sourceTree = SOURCE_ROOT; };
		32CA4F630368D1EE00C91783 /* Connect Stockton Unified-Prefix.pch */ = {isa = PBXFileReference; fileEncoding = 4; lastKnownFileType = sourcecode.c.h; path = "Connect Stockton Unified-Prefix.pch"; sourceTree = "<group>"; };
		8D1107310486CEB800E47090 /* Connect Stockton Unified-Info.plist */ = {isa = PBXFileReference; fileEncoding = 4; lastKnownFileType = text.plist.xml; name = "Connect Stockton Unified-Info.plist"; path = "Connect Stockton Unified/Connect Stockton Unified-Info.plist"; plistStructureDefinitionIdentifier = "com.apple.xcode.plist.structure-definition.iphone.info-plist"; sourceTree = SOURCE_ROOT; };
		EB87FDF31871DA8E0020F90C /* www */ = {isa = PBXFileReference; lastKnownFileType = folder; name = www; path = ../../www; sourceTree = "<group>"; };
		EB87FDF41871DAF40020F90C /* config.xml */ = {isa = PBXFileReference; lastKnownFileType = text.xml; name = config.xml; path = ../../config.xml; sourceTree = "<group>"; };
		F840E1F0165FE0F500CFE078 /* config.xml */ = {isa = PBXFileReference; lastKnownFileType = text.xml; name = config.xml; path = "Connect Stockton Unified/config.xml"; sourceTree = "<group>"; };
		ED33DF2A687741AEAF9F8254 /* Bridging-Header.h */ = {isa = PBXFileReference; fileEncoding = 4; lastKnownFileType = sourcecode.c.h; name = "Bridging-Header.h"; path = "Bridging-Header.h"; sourceTree = "<group>"; };
		A81D305123474B57A3A709BF /* CDVBattery.m */ = {isa = PBXFileReference; name = "CDVBattery.m"; path = "cordova-plugin-battery-status/CDVBattery.m"; sourceTree = "<group>"; fileEncoding = 4; lastKnownFileType = sourcecode.c.objc; explicitFileType = undefined; includeInIndex = 0; };
		4EBAF3D57C8540178E63BC42 /* CDVBattery.h */ = {isa = PBXFileReference; name = "CDVBattery.h"; path = "cordova-plugin-battery-status/CDVBattery.h"; sourceTree = "<group>"; fileEncoding = 4; lastKnownFileType = sourcecode.c.h; explicitFileType = undefined; includeInIndex = 0; };
		73D8EE4397784C62AD825374 /* UIImage+CropScaleOrientation.m */ = {isa = PBXFileReference; name = "UIImage+CropScaleOrientation.m"; path = "cordova-plugin-camera/UIImage+CropScaleOrientation.m"; sourceTree = "<group>"; fileEncoding = 4; lastKnownFileType = sourcecode.c.objc; explicitFileType = undefined; includeInIndex = 0; };
		A7DBAAE189E041CCB5566932 /* CDVCamera.m */ = {isa = PBXFileReference; name = "CDVCamera.m"; path = "cordova-plugin-camera/CDVCamera.m"; sourceTree = "<group>"; fileEncoding = 4; lastKnownFileType = sourcecode.c.objc; explicitFileType = undefined; includeInIndex = 0; };
		15E1EC243E2A43ECABC92E66 /* CDVJpegHeaderWriter.m */ = {isa = PBXFileReference; name = "CDVJpegHeaderWriter.m"; path = "cordova-plugin-camera/CDVJpegHeaderWriter.m"; sourceTree = "<group>"; fileEncoding = 4; lastKnownFileType = sourcecode.c.objc; explicitFileType = undefined; includeInIndex = 0; };
		E31DB7BF38A84F0783733DD9 /* UIImage+CropScaleOrientation.h */ = {isa = PBXFileReference; name = "UIImage+CropScaleOrientation.h"; path = "cordova-plugin-camera/UIImage+CropScaleOrientation.h"; sourceTree = "<group>"; fileEncoding = 4; lastKnownFileType = sourcecode.c.h; explicitFileType = undefined; includeInIndex = 0; };
		2F78153C93E84A70A2F619D8 /* CDVCamera.h */ = {isa = PBXFileReference; name = "CDVCamera.h"; path = "cordova-plugin-camera/CDVCamera.h"; sourceTree = "<group>"; fileEncoding = 4; lastKnownFileType = sourcecode.c.h; explicitFileType = undefined; includeInIndex = 0; };
		53BB799660F24F7DA3F736D1 /* CDVJpegHeaderWriter.h */ = {isa = PBXFileReference; name = "CDVJpegHeaderWriter.h"; path = "cordova-plugin-camera/CDVJpegHeaderWriter.h"; sourceTree = "<group>"; fileEncoding = 4; lastKnownFileType = sourcecode.c.h; explicitFileType = undefined; includeInIndex = 0; };
		752AF245756648B79A83442D /* CDVExif.h */ = {isa = PBXFileReference; name = "CDVExif.h"; path = "cordova-plugin-camera/CDVExif.h"; sourceTree = "<group>"; fileEncoding = 4; lastKnownFileType = sourcecode.c.h; explicitFileType = undefined; includeInIndex = 0; };
		DB892494707745A58150EFC1 /* ImageIO.framework */ = {isa = PBXFileReference; name = "ImageIO.framework"; path = "System/Library/Frameworks/ImageIO.framework"; sourceTree = SDKROOT; fileEncoding = undefined; lastKnownFileType = wrapper.framework; explicitFileType = undefined; includeInIndex = 0; };
		026720F204A24A008199206B /* CoreLocation.framework */ = {isa = PBXFileReference; name = "CoreLocation.framework"; path = "System/Library/Frameworks/CoreLocation.framework"; sourceTree = SDKROOT; fileEncoding = undefined; lastKnownFileType = wrapper.framework; explicitFileType = undefined; includeInIndex = 0; };
		60674DE749814FF9AC7C5DFB /* AVFoundation.framework */ = {isa = PBXFileReference; name = "AVFoundation.framework"; path = "System/Library/Frameworks/AVFoundation.framework"; sourceTree = SDKROOT; fileEncoding = undefined; lastKnownFileType = wrapper.framework; explicitFileType = undefined; includeInIndex = 0; };
		3CD1C0137BF1405D8CAD44D3 /* CDVLogger.m */ = {isa = PBXFileReference; name = "CDVLogger.m"; path = "cordova-plugin-console/CDVLogger.m"; sourceTree = "<group>"; fileEncoding = 4; lastKnownFileType = sourcecode.c.objc; explicitFileType = undefined; includeInIndex = 0; };
		35D7D146763B4F3DBEDA1070 /* CDVLogger.h */ = {isa = PBXFileReference; name = "CDVLogger.h"; path = "cordova-plugin-console/CDVLogger.h"; sourceTree = "<group>"; fileEncoding = 4; lastKnownFileType = sourcecode.c.h; explicitFileType = undefined; includeInIndex = 0; };
		76E347EDCD1A4C63A8C3E814 /* CDVContacts.m */ = {isa = PBXFileReference; name = "CDVContacts.m"; path = "cordova-plugin-contacts/CDVContacts.m"; sourceTree = "<group>"; fileEncoding = 4; lastKnownFileType = sourcecode.c.objc; explicitFileType = undefined; includeInIndex = 0; };
		9DA8F7BFFAF442AD8C59237A /* CDVContact.m */ = {isa = PBXFileReference; name = "CDVContact.m"; path = "cordova-plugin-contacts/CDVContact.m"; sourceTree = "<group>"; fileEncoding = 4; lastKnownFileType = sourcecode.c.objc; explicitFileType = undefined; includeInIndex = 0; };
		02901C4163314C36A560D3D7 /* CDVContacts.h */ = {isa = PBXFileReference; name = "CDVContacts.h"; path = "cordova-plugin-contacts/CDVContacts.h"; sourceTree = "<group>"; fileEncoding = 4; lastKnownFileType = sourcecode.c.h; explicitFileType = undefined; includeInIndex = 0; };
		A503518BAE0A4D1A80EB70C9 /* CDVContact.h */ = {isa = PBXFileReference; name = "CDVContact.h"; path = "cordova-plugin-contacts/CDVContact.h"; sourceTree = "<group>"; fileEncoding = 4; lastKnownFileType = sourcecode.c.h; explicitFileType = undefined; includeInIndex = 0; };
		503A644BCF0C4E3A82DC1E5D /* AddressBook.framework */ = {isa = PBXFileReference; name = "AddressBook.framework"; path = "System/Library/Frameworks/AddressBook.framework"; sourceTree = SDKROOT; fileEncoding = undefined; lastKnownFileType = wrapper.framework; explicitFileType = undefined; includeInIndex = 0; };
		E18D95AA9FCC4A2A93016612 /* AddressBookUI.framework */ = {isa = PBXFileReference; name = "AddressBookUI.framework"; path = "System/Library/Frameworks/AddressBookUI.framework"; sourceTree = SDKROOT; fileEncoding = undefined; lastKnownFileType = wrapper.framework; explicitFileType = undefined; includeInIndex = 0; };
		8E2B6F1100C9461F85301AA6 /* CDVDevice.m */ = {isa = PBXFileReference; name = "CDVDevice.m"; path = "cordova-plugin-device/CDVDevice.m"; sourceTree = "<group>"; fileEncoding = 4; lastKnownFileType = sourcecode.c.objc; explicitFileType = undefined; includeInIndex = 0; };
		A1F83A59DBC54438AF35B94D /* CDVDevice.h */ = {isa = PBXFileReference; name = "CDVDevice.h"; path = "cordova-plugin-device/CDVDevice.h"; sourceTree = "<group>"; fileEncoding = 4; lastKnownFileType = sourcecode.c.h; explicitFileType = undefined; includeInIndex = 0; };
		E009090AF8A9470F85316220 /* CDVAccelerometer.m */ = {isa = PBXFileReference; name = "CDVAccelerometer.m"; path = "cordova-plugin-device-motion/CDVAccelerometer.m"; sourceTree = "<group>"; fileEncoding = 4; lastKnownFileType = sourcecode.c.objc; explicitFileType = undefined; includeInIndex = 0; };
		F873D19BA2F5420B90751C1E /* CDVAccelerometer.h */ = {isa = PBXFileReference; name = "CDVAccelerometer.h"; path = "cordova-plugin-device-motion/CDVAccelerometer.h"; sourceTree = "<group>"; fileEncoding = 4; lastKnownFileType = sourcecode.c.h; explicitFileType = undefined; includeInIndex = 0; };
		33A49A1BAC424E498C73CF9B /* CoreMotion.framework */ = {isa = PBXFileReference; name = "CoreMotion.framework"; path = "System/Library/Frameworks/CoreMotion.framework"; sourceTree = SDKROOT; fileEncoding = undefined; lastKnownFileType = wrapper.framework; explicitFileType = undefined; includeInIndex = 0; };
		1F4B43814C3D406D97ACDAFF /* CDVCompass.m */ = {isa = PBXFileReference; name = "CDVCompass.m"; path = "cordova-plugin-device-orientation/CDVCompass.m"; sourceTree = "<group>"; fileEncoding = 4; lastKnownFileType = sourcecode.c.objc; explicitFileType = undefined; includeInIndex = 0; };
		8B80FB1165244200A20F26B1 /* CDVCompass.h */ = {isa = PBXFileReference; name = "CDVCompass.h"; path = "cordova-plugin-device-orientation/CDVCompass.h"; sourceTree = "<group>"; fileEncoding = 4; lastKnownFileType = sourcecode.c.h; explicitFileType = undefined; includeInIndex = 0; };
		77F22D53F7754650A3393F46 /* CDVNotification.m */ = {isa = PBXFileReference; name = "CDVNotification.m"; path = "cordova-plugin-dialogs/CDVNotification.m"; sourceTree = "<group>"; fileEncoding = 4; lastKnownFileType = sourcecode.c.objc; explicitFileType = undefined; includeInIndex = 0; };
		743675F2B8654E34AF3FE14B /* CDVNotification.h */ = {isa = PBXFileReference; name = "CDVNotification.h"; path = "cordova-plugin-dialogs/CDVNotification.h"; sourceTree = "<group>"; fileEncoding = 4; lastKnownFileType = sourcecode.c.h; explicitFileType = undefined; includeInIndex = 0; };
		BE54A8713D064F86B76FFB2F /* CDVNotification.bundle */ = {isa = PBXFileReference; name = "CDVNotification.bundle"; path = "CDVNotification.bundle"; sourceTree = "<group>"; fileEncoding = undefined; lastKnownFileType = wrapper.plug-in; explicitFileType = undefined; includeInIndex = 0; };
		F611BAC258444D5F942396DF /* AudioToolbox.framework */ = {isa = PBXFileReference; name = "AudioToolbox.framework"; path = "System/Library/Frameworks/AudioToolbox.framework"; sourceTree = SDKROOT; fileEncoding = undefined; lastKnownFileType = wrapper.framework; explicitFileType = undefined; includeInIndex = 0; };
		FAEEF084A7D5485BAE4ACF00 /* CDVFile.m */ = {isa = PBXFileReference; name = "CDVFile.m"; path = "cordova-plugin-file/CDVFile.m"; sourceTree = "<group>"; fileEncoding = 4; lastKnownFileType = sourcecode.c.objc; explicitFileType = undefined; includeInIndex = 0; };
		87A1B45CCA9548BCB8BBEAFC /* CDVLocalFilesystem.m */ = {isa = PBXFileReference; name = "CDVLocalFilesystem.m"; path = "cordova-plugin-file/CDVLocalFilesystem.m"; sourceTree = "<group>"; fileEncoding = 4; lastKnownFileType = sourcecode.c.objc; explicitFileType = undefined; includeInIndex = 0; };
		64B2BAAC6A78489FA9873448 /* CDVAssetLibraryFilesystem.m */ = {isa = PBXFileReference; name = "CDVAssetLibraryFilesystem.m"; path = "cordova-plugin-file/CDVAssetLibraryFilesystem.m"; sourceTree = "<group>"; fileEncoding = 4; lastKnownFileType = sourcecode.c.objc; explicitFileType = undefined; includeInIndex = 0; };
		6C506D098E254300A1F73D3E /* CDVFile.h */ = {isa = PBXFileReference; name = "CDVFile.h"; path = "cordova-plugin-file/CDVFile.h"; sourceTree = "<group>"; fileEncoding = 4; lastKnownFileType = sourcecode.c.h; explicitFileType = undefined; includeInIndex = 0; };
		EB32B68DFF20441299CBE5E2 /* CDVLocalFilesystem.h */ = {isa = PBXFileReference; name = "CDVLocalFilesystem.h"; path = "cordova-plugin-file/CDVLocalFilesystem.h"; sourceTree = "<group>"; fileEncoding = 4; lastKnownFileType = sourcecode.c.h; explicitFileType = undefined; includeInIndex = 0; };
		8AABDF0A41454EC791A71E08 /* CDVAssetLibraryFilesystem.h */ = {isa = PBXFileReference; name = "CDVAssetLibraryFilesystem.h"; path = "cordova-plugin-file/CDVAssetLibraryFilesystem.h"; sourceTree = "<group>"; fileEncoding = 4; lastKnownFileType = sourcecode.c.h; explicitFileType = undefined; includeInIndex = 0; };
		B4CAD79F1E024E1089F89EC6 /* CDVFileTransfer.m */ = {isa = PBXFileReference; name = "CDVFileTransfer.m"; path = "cordova-plugin-file-transfer/CDVFileTransfer.m"; sourceTree = "<group>"; fileEncoding = 4; lastKnownFileType = sourcecode.c.objc; explicitFileType = undefined; includeInIndex = 0; };
		79A2FD8EB23B49E7881C72C6 /* CDVFileTransfer.h */ = {isa = PBXFileReference; name = "CDVFileTransfer.h"; path = "cordova-plugin-file-transfer/CDVFileTransfer.h"; sourceTree = "<group>"; fileEncoding = 4; lastKnownFileType = sourcecode.c.h; explicitFileType = undefined; includeInIndex = 0; };
		98AE424918C949449DF696F8 /* CDVLocation.m */ = {isa = PBXFileReference; name = "CDVLocation.m"; path = "cordova-plugin-geolocation/CDVLocation.m"; sourceTree = "<group>"; fileEncoding = 4; lastKnownFileType = sourcecode.c.objc; explicitFileType = undefined; includeInIndex = 0; };
		7AB2F626860444E9AEA5DE34 /* CDVLocation.h */ = {isa = PBXFileReference; name = "CDVLocation.h"; path = "cordova-plugin-geolocation/CDVLocation.h"; sourceTree = "<group>"; fileEncoding = 4; lastKnownFileType = sourcecode.c.h; explicitFileType = undefined; includeInIndex = 0; };
		7F91B15702344E37BC02A0DF /* CDVGlobalization.m */ = {isa = PBXFileReference; name = "CDVGlobalization.m"; path = "cordova-plugin-globalization/CDVGlobalization.m"; sourceTree = "<group>"; fileEncoding = 4; lastKnownFileType = sourcecode.c.objc; explicitFileType = undefined; includeInIndex = 0; };
		A672F526E9BB47D897C93180 /* CDVGlobalization.h */ = {isa = PBXFileReference; name = "CDVGlobalization.h"; path = "cordova-plugin-globalization/CDVGlobalization.h"; sourceTree = "<group>"; fileEncoding = 4; lastKnownFileType = sourcecode.c.h; explicitFileType = undefined; includeInIndex = 0; };
		46B9F9F6557E4210A4B3990D /* CDVInAppBrowser.m */ = {isa = PBXFileReference; name = "CDVInAppBrowser.m"; path = "cordova-plugin-inappbrowser/CDVInAppBrowser.m"; sourceTree = "<group>"; fileEncoding = 4; lastKnownFileType = sourcecode.c.objc; explicitFileType = undefined; includeInIndex = 0; };
		788F1058F3F3404EAB82CD6C /* CDVInAppBrowser.h */ = {isa = PBXFileReference; name = "CDVInAppBrowser.h"; path = "cordova-plugin-inappbrowser/CDVInAppBrowser.h"; sourceTree = "<group>"; fileEncoding = 4; lastKnownFileType = sourcecode.c.h; explicitFileType = undefined; includeInIndex = 0; };
		2C238B68CB3F458EBCF37F62 /* CDVSound.m */ = {isa = PBXFileReference; name = "CDVSound.m"; path = "cordova-plugin-media/CDVSound.m"; sourceTree = "<group>"; fileEncoding = 4; lastKnownFileType = sourcecode.c.objc; explicitFileType = undefined; includeInIndex = 0; };
		571BA0E7817240D59D76EE1C /* CDVSound.h */ = {isa = PBXFileReference; name = "CDVSound.h"; path = "cordova-plugin-media/CDVSound.h"; sourceTree = "<group>"; fileEncoding = 4; lastKnownFileType = sourcecode.c.h; explicitFileType = undefined; includeInIndex = 0; };
		894A1E1E0B9A445CAE8D669B /* CDVCapture.m */ = {isa = PBXFileReference; name = "CDVCapture.m"; path = "cordova-plugin-media-capture/CDVCapture.m"; sourceTree = "<group>"; fileEncoding = 4; lastKnownFileType = sourcecode.c.objc; explicitFileType = undefined; includeInIndex = 0; };
		DE7D42F084CB456C850B714E /* CDVCapture.h */ = {isa = PBXFileReference; name = "CDVCapture.h"; path = "cordova-plugin-media-capture/CDVCapture.h"; sourceTree = "<group>"; fileEncoding = 4; lastKnownFileType = sourcecode.c.h; explicitFileType = undefined; includeInIndex = 0; };
		104BFB7FF49541ABABBCBFE7 /* CDVCapture.bundle */ = {isa = PBXFileReference; name = "CDVCapture.bundle"; path = "CDVCapture.bundle"; sourceTree = "<group>"; fileEncoding = undefined; lastKnownFileType = wrapper.plug-in; explicitFileType = undefined; includeInIndex = 0; };
		9F7E7CAA29F642E79D533DA2 /* CDVConnection.m */ = {isa = PBXFileReference; name = "CDVConnection.m"; path = "cordova-plugin-network-information/CDVConnection.m"; sourceTree = "<group>"; fileEncoding = 4; lastKnownFileType = sourcecode.c.objc; explicitFileType = undefined; includeInIndex = 0; };
		D35F46108C854508B896891F /* CDVReachability.m */ = {isa = PBXFileReference; name = "CDVReachability.m"; path = "cordova-plugin-network-information/CDVReachability.m"; sourceTree = "<group>"; fileEncoding = 4; lastKnownFileType = sourcecode.c.objc; explicitFileType = undefined; includeInIndex = 0; };
		8AD3544589604E88AA7C73D8 /* CDVConnection.h */ = {isa = PBXFileReference; name = "CDVConnection.h"; path = "cordova-plugin-network-information/CDVConnection.h"; sourceTree = "<group>"; fileEncoding = 4; lastKnownFileType = sourcecode.c.h; explicitFileType = undefined; includeInIndex = 0; };
		C5EEFB88C14E4F54B992E10D /* CDVReachability.h */ = {isa = PBXFileReference; name = "CDVReachability.h"; path = "cordova-plugin-network-information/CDVReachability.h"; sourceTree = "<group>"; fileEncoding = 4; lastKnownFileType = sourcecode.c.h; explicitFileType = undefined; includeInIndex = 0; };
		F7ACF418DEA94BD897ECE1FB /* SystemConfiguration.framework */ = {isa = PBXFileReference; name = "SystemConfiguration.framework"; path = "System/Library/Frameworks/SystemConfiguration.framework"; sourceTree = SDKROOT; fileEncoding = undefined; lastKnownFileType = wrapper.framework; explicitFileType = undefined; includeInIndex = 0; };
		E6FB277BCA174B18A3A11303 /* CoreTelephony.framework */ = {isa = PBXFileReference; name = "CoreTelephony.framework"; path = "System/Library/Frameworks/CoreTelephony.framework"; sourceTree = SDKROOT; fileEncoding = undefined; lastKnownFileType = wrapper.framework; explicitFileType = undefined; includeInIndex = 0; };
		2024B74613B7432AA83727BC /* YoikScreenOrientation.m */ = {isa = PBXFileReference; name = "YoikScreenOrientation.m"; path = "cordova-plugin-screen-orientation/YoikScreenOrientation.m"; sourceTree = "<group>"; fileEncoding = 4; lastKnownFileType = sourcecode.c.objc; explicitFileType = undefined; includeInIndex = 0; };
		B8D082751FD04CD2BB2113B5 /* CDVViewController+UpdateSupportedOrientations.m */ = {isa = PBXFileReference; name = "CDVViewController+UpdateSupportedOrientations.m"; path = "cordova-plugin-screen-orientation/CDVViewController+UpdateSupportedOrientations.m"; sourceTree = "<group>"; fileEncoding = 4; lastKnownFileType = sourcecode.c.objc; explicitFileType = undefined; includeInIndex = 0; };
		ED39CEBFB4404F40B2452AB3 /* YoikScreenOrientation.h */ = {isa = PBXFileReference; name = "YoikScreenOrientation.h"; path = "cordova-plugin-screen-orientation/YoikScreenOrientation.h"; sourceTree = "<group>"; fileEncoding = 4; lastKnownFileType = sourcecode.c.h; explicitFileType = undefined; includeInIndex = 0; };
		AA5CDE5835A9421DBCBA6465 /* CDVViewController+UpdateSupportedOrientations.h */ = {isa = PBXFileReference; name = "CDVViewController+UpdateSupportedOrientations.h"; path = "cordova-plugin-screen-orientation/CDVViewController+UpdateSupportedOrientations.h"; sourceTree = "<group>"; fileEncoding = 4; lastKnownFileType = sourcecode.c.h; explicitFileType = undefined; includeInIndex = 0; };
		8FBD1BCB608F407AAF0EBAD9 /* CDVSplashScreen.m */ = {isa = PBXFileReference; name = "CDVSplashScreen.m"; path = "cordova-plugin-splashscreen/CDVSplashScreen.m"; sourceTree = "<group>"; fileEncoding = 4; lastKnownFileType = sourcecode.c.objc; explicitFileType = undefined; includeInIndex = 0; };
		A89C6DA82F1647F880511489 /* CDVViewController+SplashScreen.m */ = {isa = PBXFileReference; name = "CDVViewController+SplashScreen.m"; path = "cordova-plugin-splashscreen/CDVViewController+SplashScreen.m"; sourceTree = "<group>"; fileEncoding = 4; lastKnownFileType = sourcecode.c.objc; explicitFileType = undefined; includeInIndex = 0; };
		D716650EEA9F4E6CACD5878C /* CDVSplashScreen.h */ = {isa = PBXFileReference; name = "CDVSplashScreen.h"; path = "cordova-plugin-splashscreen/CDVSplashScreen.h"; sourceTree = "<group>"; fileEncoding = 4; lastKnownFileType = sourcecode.c.h; explicitFileType = undefined; includeInIndex = 0; };
		5A12CC5337AD4976AC0AF80F /* CDVViewController+SplashScreen.h */ = {isa = PBXFileReference; name = "CDVViewController+SplashScreen.h"; path = "cordova-plugin-splashscreen/CDVViewController+SplashScreen.h"; sourceTree = "<group>"; fileEncoding = 4; lastKnownFileType = sourcecode.c.h; explicitFileType = undefined; includeInIndex = 0; };
		E90B062B6DB047B38FF2B84C /* CDVStatusBar.m */ = {isa = PBXFileReference; name = "CDVStatusBar.m"; path = "cordova-plugin-statusbar/CDVStatusBar.m"; sourceTree = "<group>"; fileEncoding = 4; lastKnownFileType = sourcecode.c.objc; explicitFileType = undefined; includeInIndex = 0; };
		F74CF15DCDFB4976AE2FA714 /* CDVStatusBar.h */ = {isa = PBXFileReference; name = "CDVStatusBar.h"; path = "cordova-plugin-statusbar/CDVStatusBar.h"; sourceTree = "<group>"; fileEncoding = 4; lastKnownFileType = sourcecode.c.h; explicitFileType = undefined; includeInIndex = 0; };
		C0AAE46DFBF1455FBAEEFDAC /* CDVVibration.m */ = {isa = PBXFileReference; name = "CDVVibration.m"; path = "cordova-plugin-vibration/CDVVibration.m"; sourceTree = "<group>"; fileEncoding = 4; lastKnownFileType = sourcecode.c.objc; explicitFileType = undefined; includeInIndex = 0; };
		E3902143975B4A8F8B10B545 /* CDVVibration.h */ = {isa = PBXFileReference; name = "CDVVibration.h"; path = "cordova-plugin-vibration/CDVVibration.h"; sourceTree = "<group>"; fileEncoding = 4; lastKnownFileType = sourcecode.c.h; explicitFileType = undefined; includeInIndex = 0; };
/* End PBXFileReference section */

/* Begin PBXFrameworksBuildPhase section */
		1D60588F0D05DD3D006BFB54 /* Frameworks */ = {
			isa = PBXFrameworksBuildPhase;
			buildActionMask = 2147483647;
			files = (
				301BF552109A68D80062928A /* libCordova.a in Frameworks */,
				40332B753EC44761A3D97B65 /* ImageIO.framework in Frameworks */,
				FCBC92E0F3CC4EA4A64A7D31 /* CoreLocation.framework in Frameworks */,
				74E48922C0F745E5AB6C3153 /* AVFoundation.framework in Frameworks */,
				815F309472A545459685332F /* AddressBook.framework in Frameworks */,
				F397D735D0D8449B88638C7B /* AddressBookUI.framework in Frameworks */,
				DA7C656FB4904172BCE0A325 /* CoreMotion.framework in Frameworks */,
				594526F1DF0B4CEB97DD265C /* AudioToolbox.framework in Frameworks */,
				D7A421D9B85E4F3094350B77 /* SystemConfiguration.framework in Frameworks */,
				F0392B27B77E4A3AA75EAE45 /* CoreTelephony.framework in Frameworks */,
			);
			runOnlyForDeploymentPostprocessing = 0;
		};
/* End PBXFrameworksBuildPhase section */

/* Begin PBXGroup section */
		080E96DDFE201D6D7F000001 /* Classes */ = {
			isa = PBXGroup;
			children = (
				302D95EE14D2391D003F00A1 /* MainViewController.h */,
				302D95EF14D2391D003F00A1 /* MainViewController.m */,
				302D95F014D2391D003F00A1 /* MainViewController.xib */,
				1D3623240D0F684500981E51 /* AppDelegate.h */,
				1D3623250D0F684500981E51 /* AppDelegate.m */,
			);
			name = Classes;
			path = "Connect Stockton Unified/Classes";
			sourceTree = SOURCE_ROOT;
		};
		19C28FACFE9D520D11CA2CBB /* Products */ = {
			isa = PBXGroup;
			children = (
				1D6058910D05DD3D006BFB54 /* Connect Stockton Unified.app */,
			);
			name = Products;
			sourceTree = "<group>";
		};
		29B97314FDCFA39411CA2CEA /* CustomTemplate */ = {
			isa = PBXGroup;
			children = (
				EB87FDF41871DAF40020F90C /* config.xml */,
				EB87FDF31871DA8E0020F90C /* www */,
				EB87FDF11871DA420020F90C /* Staging */,
				301BF52D109A57CC0062928A /* CordovaLib.xcodeproj */,
				080E96DDFE201D6D7F000001 /* Classes */,
				307C750510C5A3420062BCA9 /* Plugins */,
				29B97315FDCFA39411CA2CEA /* Other Sources */,
				29B97317FDCFA39411CA2CEA /* Resources */,
				29B97323FDCFA39411CA2CEA /* Frameworks */,
				19C28FACFE9D520D11CA2CBB /* Products */,
			);
			name = CustomTemplate;
			sourceTree = "<group>";
		};
		29B97315FDCFA39411CA2CEA /* Other Sources */ = {
			isa = PBXGroup;
			children = (
				32CA4F630368D1EE00C91783 /* Connect Stockton Unified-Prefix.pch */,
				29B97316FDCFA39411CA2CEA /* main.m */,
				ED33DF2A687741AEAF9F8254 /* Bridging-Header.h */,
			);
			name = "Other Sources";
			path = "Connect Stockton Unified";
			sourceTree = "<group>";
		};
		29B97317FDCFA39411CA2CEA /* Resources */ = {
			isa = PBXGroup;
			children = (
				0207DA571B56EA530066E2B4 /* Images.xcassets */,
				3047A50E1AB8057F00498E2A /* config */,
				8D1107310486CEB800E47090 /* Connect Stockton Unified-Info.plist */,
				BE54A8713D064F86B76FFB2F /* CDVNotification.bundle */,
				104BFB7FF49541ABABBCBFE7 /* CDVCapture.bundle */,
			);
			name = Resources;
			path = "Connect Stockton Unified/Resources";
			sourceTree = "<group>";
		};
		29B97323FDCFA39411CA2CEA /* Frameworks */ = {
			isa = PBXGroup;
			children = (
				DB892494707745A58150EFC1 /* ImageIO.framework */,
				026720F204A24A008199206B /* CoreLocation.framework */,
				60674DE749814FF9AC7C5DFB /* AVFoundation.framework */,
				503A644BCF0C4E3A82DC1E5D /* AddressBook.framework */,
				E18D95AA9FCC4A2A93016612 /* AddressBookUI.framework */,
				33A49A1BAC424E498C73CF9B /* CoreMotion.framework */,
				F611BAC258444D5F942396DF /* AudioToolbox.framework */,
				F7ACF418DEA94BD897ECE1FB /* SystemConfiguration.framework */,
				E6FB277BCA174B18A3A11303 /* CoreTelephony.framework */,
			);
			name = Frameworks;
			sourceTree = "<group>";
		};
		301BF52E109A57CC0062928A /* Products */ = {
			isa = PBXGroup;
			children = (
				301BF535109A57CC0062928A /* libCordova.a */,
			);
			name = Products;
			sourceTree = "<group>";
		};
		3047A50E1AB8057F00498E2A /* config */ = {
			isa = PBXGroup;
			children = (
				3047A50F1AB8059700498E2A /* build-debug.xcconfig */,
				3047A5101AB8059700498E2A /* build-release.xcconfig */,
				3047A5111AB8059700498E2A /* build.xcconfig */,
			);
			name = config;
			sourceTree = "<group>";
		};
		307C750510C5A3420062BCA9 /* Plugins */ = {
			isa = PBXGroup;
			children = (
				A81D305123474B57A3A709BF /* CDVBattery.m */,
				4EBAF3D57C8540178E63BC42 /* CDVBattery.h */,
				73D8EE4397784C62AD825374 /* UIImage+CropScaleOrientation.m */,
				A7DBAAE189E041CCB5566932 /* CDVCamera.m */,
				15E1EC243E2A43ECABC92E66 /* CDVJpegHeaderWriter.m */,
				E31DB7BF38A84F0783733DD9 /* UIImage+CropScaleOrientation.h */,
				2F78153C93E84A70A2F619D8 /* CDVCamera.h */,
				53BB799660F24F7DA3F736D1 /* CDVJpegHeaderWriter.h */,
				752AF245756648B79A83442D /* CDVExif.h */,
				3CD1C0137BF1405D8CAD44D3 /* CDVLogger.m */,
				35D7D146763B4F3DBEDA1070 /* CDVLogger.h */,
				76E347EDCD1A4C63A8C3E814 /* CDVContacts.m */,
				9DA8F7BFFAF442AD8C59237A /* CDVContact.m */,
				02901C4163314C36A560D3D7 /* CDVContacts.h */,
				A503518BAE0A4D1A80EB70C9 /* CDVContact.h */,
				8E2B6F1100C9461F85301AA6 /* CDVDevice.m */,
				A1F83A59DBC54438AF35B94D /* CDVDevice.h */,
				E009090AF8A9470F85316220 /* CDVAccelerometer.m */,
				F873D19BA2F5420B90751C1E /* CDVAccelerometer.h */,
				1F4B43814C3D406D97ACDAFF /* CDVCompass.m */,
				8B80FB1165244200A20F26B1 /* CDVCompass.h */,
				77F22D53F7754650A3393F46 /* CDVNotification.m */,
				743675F2B8654E34AF3FE14B /* CDVNotification.h */,
				FAEEF084A7D5485BAE4ACF00 /* CDVFile.m */,
				87A1B45CCA9548BCB8BBEAFC /* CDVLocalFilesystem.m */,
				64B2BAAC6A78489FA9873448 /* CDVAssetLibraryFilesystem.m */,
				6C506D098E254300A1F73D3E /* CDVFile.h */,
				EB32B68DFF20441299CBE5E2 /* CDVLocalFilesystem.h */,
				8AABDF0A41454EC791A71E08 /* CDVAssetLibraryFilesystem.h */,
				B4CAD79F1E024E1089F89EC6 /* CDVFileTransfer.m */,
				79A2FD8EB23B49E7881C72C6 /* CDVFileTransfer.h */,
				98AE424918C949449DF696F8 /* CDVLocation.m */,
				7AB2F626860444E9AEA5DE34 /* CDVLocation.h */,
				7F91B15702344E37BC02A0DF /* CDVGlobalization.m */,
				A672F526E9BB47D897C93180 /* CDVGlobalization.h */,
				46B9F9F6557E4210A4B3990D /* CDVInAppBrowser.m */,
				788F1058F3F3404EAB82CD6C /* CDVInAppBrowser.h */,
				2C238B68CB3F458EBCF37F62 /* CDVSound.m */,
				571BA0E7817240D59D76EE1C /* CDVSound.h */,
				894A1E1E0B9A445CAE8D669B /* CDVCapture.m */,
				DE7D42F084CB456C850B714E /* CDVCapture.h */,
				9F7E7CAA29F642E79D533DA2 /* CDVConnection.m */,
				D35F46108C854508B896891F /* CDVReachability.m */,
				8AD3544589604E88AA7C73D8 /* CDVConnection.h */,
				C5EEFB88C14E4F54B992E10D /* CDVReachability.h */,
				2024B74613B7432AA83727BC /* YoikScreenOrientation.m */,
				B8D082751FD04CD2BB2113B5 /* CDVViewController+UpdateSupportedOrientations.m */,
				ED39CEBFB4404F40B2452AB3 /* YoikScreenOrientation.h */,
				AA5CDE5835A9421DBCBA6465 /* CDVViewController+UpdateSupportedOrientations.h */,
				8FBD1BCB608F407AAF0EBAD9 /* CDVSplashScreen.m */,
				A89C6DA82F1647F880511489 /* CDVViewController+SplashScreen.m */,
				D716650EEA9F4E6CACD5878C /* CDVSplashScreen.h */,
				5A12CC5337AD4976AC0AF80F /* CDVViewController+SplashScreen.h */,
				E90B062B6DB047B38FF2B84C /* CDVStatusBar.m */,
				F74CF15DCDFB4976AE2FA714 /* CDVStatusBar.h */,
				C0AAE46DFBF1455FBAEEFDAC /* CDVVibration.m */,
				E3902143975B4A8F8B10B545 /* CDVVibration.h */,
			);
			name = Plugins;
			path = "Connect Stockton Unified/Plugins";
			sourceTree = SOURCE_ROOT;
		};
		EB87FDF11871DA420020F90C /* Staging */ = {
			isa = PBXGroup;
			children = (
				F840E1F0165FE0F500CFE078 /* config.xml */,
				301BF56E109A69640062928A /* www */,
			);
			name = Staging;
			sourceTree = "<group>";
		};
/* End PBXGroup section */

/* Begin PBXNativeTarget section */
		1D6058900D05DD3D006BFB54 /* Connect Stockton Unified */ = {
			isa = PBXNativeTarget;
			buildConfigurationList = 1D6058960D05DD3E006BFB54 /* Build configuration list for PBXNativeTarget "Connect Stockton Unified" */;
			buildPhases = (
				304B58A110DAC018002A0835 /* Copy www directory */,
				1D60588D0D05DD3D006BFB54 /* Resources */,
				1D60588E0D05DD3D006BFB54 /* Sources */,
				1D60588F0D05DD3D006BFB54 /* Frameworks */,
			);
			buildRules = (
			);
			dependencies = (
				301BF551109A68C00062928A /* PBXTargetDependency */,
			);
			name = "Connect Stockton Unified";
			productName = "Connect Stockton Unified";
			productReference = 1D6058910D05DD3D006BFB54 /* Connect Stockton Unified.app */;
			productType = "com.apple.product-type.application";
		};
/* End PBXNativeTarget section */

/* Begin PBXProject section */
		29B97313FDCFA39411CA2CEA /* Project object */ = {
			isa = PBXProject;
			attributes = {
				LastUpgradeCheck = 510;
			};
			buildConfigurationList = C01FCF4E08A954540054247B /* Build configuration list for PBXProject "__NON-CLI__" */;
			compatibilityVersion = "Xcode 3.2";
			developmentRegion = English;
			hasScannedForEncodings = 1;
			mainGroup = 29B97314FDCFA39411CA2CEA /* CustomTemplate */;
			projectDirPath = "";
			projectReferences = (
				{
					ProductGroup = 301BF52E109A57CC0062928A /* Products */;
					ProjectRef = 301BF52D109A57CC0062928A /* CordovaLib.xcodeproj */;
				},
			);
			projectRoot = "";
			targets = (
				1D6058900D05DD3D006BFB54 /* Connect Stockton Unified */,
			);
		};
/* End PBXProject section */

/* Begin PBXReferenceProxy section */
		301BF535109A57CC0062928A /* libCordova.a */ = {
			isa = PBXReferenceProxy;
			fileType = archive.ar;
			path = libCordova.a;
			remoteRef = 301BF534109A57CC0062928A /* PBXContainerItemProxy */;
			sourceTree = BUILT_PRODUCTS_DIR;
		};
/* End PBXReferenceProxy section */

/* Begin PBXResourcesBuildPhase section */
		1D60588D0D05DD3D006BFB54 /* Resources */ = {
			isa = PBXResourcesBuildPhase;
			buildActionMask = 2147483647;
			files = (
				302D95F214D2391D003F00A1 /* MainViewController.xib in Resources */,
				3047A5131AB8059700498E2A /* build-release.xcconfig in Resources */,
				3047A5141AB8059700498E2A /* build.xcconfig in Resources */,
				0207DA581B56EA530066E2B4 /* Images.xcassets in Resources */,
				3047A5121AB8059700498E2A /* build-debug.xcconfig in Resources */,
				27C7F58D673B45D3B3D22F74 /* CDVNotification.bundle in Resources */,
				6D09CC6BB3354220BCEF3E38 /* CDVCapture.bundle in Resources */,
			);
			runOnlyForDeploymentPostprocessing = 0;
		};
/* End PBXResourcesBuildPhase section */

/* Begin PBXShellScriptBuildPhase section */
		304B58A110DAC018002A0835 /* Copy www directory */ = {
			isa = PBXShellScriptBuildPhase;
			buildActionMask = 2147483647;
			files = (
			);
			inputPaths = (
			);
			name = "Copy www directory";
			outputPaths = (
			);
			runOnlyForDeploymentPostprocessing = 0;
			shellPath = /bin/sh;
			shellScript = "NODEJS_PATH=/usr/local/bin; NVM_NODE_PATH=~/.nvm/versions/node/`nvm version 2>/dev/null`/bin; N_NODE_PATH=`find /usr/local/n/versions/node/* -maxdepth 0 -type d 2>/dev/null | tail -1`/bin; XCODE_NODE_PATH=`xcode-select --print-path`/usr/share/xcs/Node/bin; PATH=$NODEJS_PATH:$NVM_NODE_PATH:$N_NODE_PATH:$XCODE_NODE_PATH:$PATH && node cordova/lib/copy-www-build-step.js";
			showEnvVarsInLog = 0;
		};
/* End PBXShellScriptBuildPhase section */

/* Begin PBXSourcesBuildPhase section */
		1D60588E0D05DD3D006BFB54 /* Sources */ = {
			isa = PBXSourcesBuildPhase;
			buildActionMask = 2147483647;
			files = (
				1D60589B0D05DD56006BFB54 /* main.m in Sources */,
				1D3623260D0F684500981E51 /* AppDelegate.m in Sources */,
				302D95F114D2391D003F00A1 /* MainViewController.m in Sources */,
				665D34837D91487A82A72F21 /* CDVBattery.m in Sources */,
				1446F276A7104879B44F9344 /* UIImage+CropScaleOrientation.m in Sources */,
				56BBF72CD91B4EFA954F27A1 /* CDVCamera.m in Sources */,
				DC3CBAC36BE44B428C3CC8CA /* CDVJpegHeaderWriter.m in Sources */,
				85421B16919C43C281FC9C3E /* CDVLogger.m in Sources */,
				33B5F8CD939D45F19557ECE4 /* CDVContacts.m in Sources */,
				DB0735A1CCCC4E82BC82D6BB /* CDVContact.m in Sources */,
				9927DD4CB9844F44A0EA5511 /* CDVDevice.m in Sources */,
				8FF2F1A435C0440B95A3B951 /* CDVAccelerometer.m in Sources */,
				351FA75853FB4A00A1CDD0D3 /* CDVCompass.m in Sources */,
				0B056E1FF2B14708927C29D9 /* CDVNotification.m in Sources */,
				751C6961B4984E909CEC61A2 /* CDVFile.m in Sources */,
				81EAC1709F0A4BF7996050BB /* CDVLocalFilesystem.m in Sources */,
				842908F4BECF4BA69072CE9A /* CDVAssetLibraryFilesystem.m in Sources */,
				B18B3A965E214EE4A60DA886 /* CDVFileTransfer.m in Sources */,
				2CFFC1D3373D4C18A8D59421 /* CDVLocation.m in Sources */,
				E1C79B9126C1417FBC16B13A /* CDVGlobalization.m in Sources */,
				12044896FF43481FA0A5122E /* CDVInAppBrowser.m in Sources */,
				1B4FF868D68949AEAAA1C41B /* CDVSound.m in Sources */,
				5BA1B9A0FD8C428AA82B23E8 /* CDVCapture.m in Sources */,
				A15A26003C924D37B74DAE45 /* CDVConnection.m in Sources */,
				24BA46CB180B42C8AB3F3B35 /* CDVReachability.m in Sources */,
				6A2BA6817F5041668B99C09C /* YoikScreenOrientation.m in Sources */,
				ABAC2206BEA94A2099F9772D /* CDVViewController+UpdateSupportedOrientations.m in Sources */,
				6ABAE99A3EDB43A78BD4EF5B /* CDVSplashScreen.m in Sources */,
				148732842BA74B2AB7E65BB3 /* CDVViewController+SplashScreen.m in Sources */,
				F59DBCA89D574907B16F271C /* CDVStatusBar.m in Sources */,
				BD72CE59F42044BF9C5570D1 /* CDVVibration.m in Sources */,
			);
			runOnlyForDeploymentPostprocessing = 0;
		};
/* End PBXSourcesBuildPhase section */

/* Begin PBXTargetDependency section */
		301BF551109A68C00062928A /* PBXTargetDependency */ = {
			isa = PBXTargetDependency;
			name = CordovaLib;
			targetProxy = 301BF550109A68C00062928A /* PBXContainerItemProxy */;
		};
/* End PBXTargetDependency section */

/* Begin XCBuildConfiguration section */
		1D6058940D05DD3E006BFB54 /* Debug */ = {
			isa = XCBuildConfiguration;
			baseConfigurationReference = 3047A50F1AB8059700498E2A /* build-debug.xcconfig */;
			buildSettings = {
				ALWAYS_SEARCH_USER_PATHS = NO;
				ASSETCATALOG_COMPILER_APPICON_NAME = AppIcon;
				ASSETCATALOG_COMPILER_LAUNCHIMAGE_NAME = LaunchImage;
				CLANG_ENABLE_MODULES = YES;
				CLANG_ENABLE_OBJC_ARC = YES;
				COPY_PHASE_STRIP = NO;
				GCC_DYNAMIC_NO_PIC = NO;
				GCC_OPTIMIZATION_LEVEL = 0;
				GCC_PRECOMPILE_PREFIX_HEADER = YES;
				GCC_PREFIX_HEADER = "Connect Stockton Unified/Connect Stockton Unified-Prefix.pch";
				GCC_THUMB_SUPPORT = NO;
				GCC_VERSION = "";
				INFOPLIST_FILE = "Connect Stockton Unified/Connect Stockton Unified-Info.plist";
				LD_RUNPATH_SEARCH_PATHS = "@executable_path/Frameworks";
				PRODUCT_NAME = "Connect Stockton Unified";
			};
			name = Debug;
		};
		1D6058950D05DD3E006BFB54 /* Release */ = {
			isa = XCBuildConfiguration;
			baseConfigurationReference = 3047A5101AB8059700498E2A /* build-release.xcconfig */;
			buildSettings = {
				ALWAYS_SEARCH_USER_PATHS = NO;
				ASSETCATALOG_COMPILER_APPICON_NAME = AppIcon;
				ASSETCATALOG_COMPILER_LAUNCHIMAGE_NAME = LaunchImage;
				CLANG_ENABLE_MODULES = YES;
				CLANG_ENABLE_OBJC_ARC = YES;
				COPY_PHASE_STRIP = YES;
				GCC_PRECOMPILE_PREFIX_HEADER = YES;
				GCC_PREFIX_HEADER = "Connect Stockton Unified/Connect Stockton Unified-Prefix.pch";
				GCC_THUMB_SUPPORT = NO;
				GCC_VERSION = "";
				INFOPLIST_FILE = "Connect Stockton Unified/Connect Stockton Unified-Info.plist";
				PRODUCT_NAME = "Connect Stockton Unified";
			};
			name = Release;
		};
		C01FCF4F08A954540054247B /* Debug */ = {
			isa = XCBuildConfiguration;
			baseConfigurationReference = 3047A5111AB8059700498E2A /* build.xcconfig */;
			buildSettings = {
				CLANG_ENABLE_MODULES = YES;
				CLANG_ENABLE_OBJC_ARC = YES;
				CLANG_WARN_BOOL_CONVERSION = YES;
				CLANG_WARN_CONSTANT_CONVERSION = YES;
				CLANG_WARN_EMPTY_BODY = YES;
				CLANG_WARN_ENUM_CONVERSION = YES;
				CLANG_WARN_INT_CONVERSION = YES;
				CLANG_WARN__DUPLICATE_METHOD_MATCH = YES;
				GCC_C_LANGUAGE_STANDARD = c99;
				GCC_THUMB_SUPPORT = NO;
				GCC_VERSION = "";
				GCC_WARN_ABOUT_RETURN_TYPE = YES;
				GCC_WARN_UNDECLARED_SELECTOR = YES;
				GCC_WARN_UNINITIALIZED_AUTOS = YES;
				GCC_WARN_UNUSED_FUNCTION = YES;
				GCC_WARN_UNUSED_VARIABLE = YES;
				ONLY_ACTIVE_ARCH = YES;
				SDKROOT = iphoneos;
				SKIP_INSTALL = NO;
				PRODUCT_NAME = "Connect Stockton Unified";
			};
			name = Debug;
		};
		C01FCF5008A954540054247B /* Release */ = {
			isa = XCBuildConfiguration;
			baseConfigurationReference = 3047A5111AB8059700498E2A /* build.xcconfig */;
			buildSettings = {
				CLANG_ENABLE_MODULES = YES;
				CLANG_ENABLE_OBJC_ARC = YES;
				CLANG_WARN_BOOL_CONVERSION = YES;
				CLANG_WARN_CONSTANT_CONVERSION = YES;
				CLANG_WARN_EMPTY_BODY = YES;
				CLANG_WARN_ENUM_CONVERSION = YES;
				CLANG_WARN_INT_CONVERSION = YES;
				CLANG_WARN__DUPLICATE_METHOD_MATCH = YES;
				GCC_C_LANGUAGE_STANDARD = c99;
				GCC_THUMB_SUPPORT = NO;
				GCC_VERSION = "";
				GCC_WARN_ABOUT_RETURN_TYPE = YES;
				GCC_WARN_UNDECLARED_SELECTOR = YES;
				GCC_WARN_UNINITIALIZED_AUTOS = YES;
				GCC_WARN_UNUSED_FUNCTION = YES;
				GCC_WARN_UNUSED_VARIABLE = YES;
				SDKROOT = iphoneos;
				SKIP_INSTALL = NO;
				PRODUCT_NAME = "Connect Stockton Unified";
			};
			name = Release;
		};
/* End XCBuildConfiguration section */

/* Begin XCConfigurationList section */
		1D6058960D05DD3E006BFB54 /* Build configuration list for PBXNativeTarget "Connect Stockton Unified" */ = {
			isa = XCConfigurationList;
			buildConfigurations = (
				1D6058940D05DD3E006BFB54 /* Debug */,
				1D6058950D05DD3E006BFB54 /* Release */,
			);
			defaultConfigurationIsVisible = 0;
			defaultConfigurationName = Release;
		};
		C01FCF4E08A954540054247B /* Build configuration list for PBXProject "__NON-CLI__" */ = {
			isa = XCConfigurationList;
			buildConfigurations = (
				C01FCF4F08A954540054247B /* Debug */,
				C01FCF5008A954540054247B /* Release */,
			);
			defaultConfigurationIsVisible = 0;
			defaultConfigurationName = Release;
		};
/* End XCConfigurationList section */
	};
	rootObject = 29B97313FDCFA39411CA2CEA /* Project object */;
}
